<?xml version="1.0" encoding="utf-8"?>
<Project ToolsVersion="4.0" xmlns="http://schemas.microsoft.com/developer/msbuild/2003">
  <ItemGroup>
    <Filter Include="Исходные файлы">
      <UniqueIdentifier>{4FC737F1-C7A5-4376-A066-2A32D752A2FF}</UniqueIdentifier>
      <Extensions>cpp;c;cc;cxx;c++;cppm;ixx;def;odl;idl;hpj;bat;asm;asmx</Extensions>
    </Filter>
    <Filter Include="Файлы заголовков">
      <UniqueIdentifier>{93995380-89BD-4b04-88EB-625FBE52EBFB}</UniqueIdentifier>
      <Extensions>h;hh;hpp;hxx;h++;hm;inl;inc;ipp;xsd</Extensions>
    </Filter>
    <Filter Include="Файлы ресурсов">
      <UniqueIdentifier>{67DA6AB6-F800-4c08-8B7A-83BB121AAD01}</UniqueIdentifier>
      <Extensions>rc;ico;cur;bmp;dlg;rc2;rct;bin;rgs;gif;jpg;jpeg;jpe;resx;tiff;tif;png;wav;mfcribbon-ms</Extensions>
    </Filter>
  </ItemGroup>
  <ItemGroup>
    <ClCompile Include="main.cpp">
      <Filter>Исходные файлы</Filter>
    </ClCompile>
    <ClCompile Include="Player.cpp">
      <Filter>Исходные файлы</Filter>
    </ClCompile>
    <ClCompile Include="GameObject.cpp">
      <Filter>Исходные файлы</Filter>
    </ClCompile>
    <ClCompile Include="Level.cpp">
      <Filter>Исходные файлы</Filter>
    </ClCompile>
    <ClCompile Include="Animation.cpp">
      <Filter>Исходные файлы</Filter>
    </ClCompile>
    <ClCompile Include="Spikes.cpp">
      <Filter>Исходные файлы</Filter>
    </ClCompile>
    <ClCompile Include="Menu.cpp">
      <Filter>Исходные файлы</Filter>
    </ClCompile>
    <ClCompile Include="Strawberry.cpp">
      <Filter>Исходные файлы</Filter>
    </ClCompile>
  </ItemGroup>
  <ItemGroup>
    <ClInclude Include="Player.hpp">
      <Filter>Файлы заголовков</Filter>
    </ClInclude>
    <ClInclude Include="GameObject.hpp">
      <Filter>Файлы заголовков</Filter>
    </ClInclude>
    <ClInclude Include="Animation.hpp">
      <Filter>Файлы заголовков</Filter>
    </ClInclude>
    <ClInclude Include="Level.hpp">
      <Filter>Файлы заголовков</Filter>
    </ClInclude>
    <ClInclude Include="Spikes.hpp">
      <Filter>Файлы заголовков</Filter>
    </ClInclude>
    <ClInclude Include="Menu.hpp">
      <Filter>Файлы заголовков</Filter>
    </ClInclude>
    <ClInclude Include="Strawberry.hpp">
      <Filter>Файлы заголовков</Filter>
    </ClInclude>
  </ItemGroup>
  <ItemGroup>
    <Image Include="assets\textures\ground.png">
      <Filter>Файлы ресурсов</Filter>
    </Image>
    <Image Include="assets\textures\runLeftAndRight.png">
      <Filter>Файлы ресурсов</Filter>
    </Image>
    <Image Include="assets\textures\SplashScreen.png">
      <Filter>Файлы ресурсов</Filter>
    </Image>
    <Image Include="SplashScreen.png">
      <Filter>Файлы ресурсов</Filter>
    </Image>
    <Image Include="assets\textures\Background.png">
      <Filter>Файлы ресурсов</Filter>
    </Image>
    <Image Include="assets\textures\wall.png">
      <Filter>Файлы ресурсов</Filter>
    </Image>
    <Image Include="assets\textures\strawberry.png">
      <Filter>Файлы ресурсов</Filter>
    </Image>
    <Image Include="assets\textures\helpground.jpg">
      <Filter>Файлы ресурсов</Filter>
    </Image>
  </ItemGroup>
  <ItemGroup>
    <None Include="assets\textures\runLeftAndRightpng.psd" />
    <None Include="Celeste.exe" />
    <None Include="Celeste_boxed.exe" />
  </ItemGroup>
  <ItemGroup>
    <Text Include="assets\level\level1.txt" />
  </ItemGroup>
  <ItemGroup>
    <Font Include="assets\fonts\AtariClassic-gry3.ttf" />
    <Font Include="assets\fonts\PixelOperator.ttf" />
    <Font Include="assets\fonts\PixelOperator8.ttf" />
    <Font Include="assets\fonts\PixelOperator8-Bold.ttf" />
    <Font Include="assets\fonts\PixelOperator-Bold.ttf" />
    <Font Include="assets\fonts\PixelOperatorHB.ttf" />
    <Font Include="assets\fonts\PixelOperatorHB8.ttf" />
    <Font Include="assets\fonts\PixelOperatorHBSC.ttf" />
    <Font Include="assets\fonts\PixelOperatorMono.ttf" />
    <Font Include="assets\fonts\PixelOperatorMono8.ttf" />
    <Font Include="assets\fonts\PixelOperatorMono8-Bold.ttf" />
    <Font Include="assets\fonts\PixelOperatorMono-Bold.ttf" />
    <Font Include="assets\fonts\PixelOperatorMonoHB.ttf" />
    <Font Include="assets\fonts\PixelOperatorMonoHB8.ttf" />
    <Font Include="assets\fonts\PixelOperatorSC.ttf" />
    <Font Include="assets\fonts\PixelOperatorSC-Bold.ttf" />
  </ItemGroup>
</Project>